Microsoft Visual Studio Solution File, Format Version 11.00
# Visual Studio 2008

Project("{C63B21EF-29E2-ACFE-6798-3439893AB0ED}") = "A-start demo", "Assembly-CSharp.csproj", "{B4B8B60D-D2FE-16D0-A943-FF9DC8732DF6}"
EndProject
Global
	GlobalSection(SolutionConfigurationPlatforms) = preSolution
		Debug|Any CPU = Debug|Any CPU
		Release|Any CPU = Release|Any CPU
	EndGlobalSection
	GlobalSection(ProjectConfigurationPlatforms) = postSolution
		{B4B8B60D-D2FE-16D0-A943-FF9DC8732DF6}.Debug|Any CPU.ActiveCfg = Debug|Any CPU
		{B4B8B60D-D2FE-16D0-A943-FF9DC8732DF6}.Debug|Any CPU.Build.0 = Debug|Any CPU
		{B4B8B60D-D2FE-16D0-A943-FF9DC8732DF6}.Release|Any CPU.ActiveCfg = Release|Any CPU
		{B4B8B60D-D2FE-16D0-A943-FF9DC8732DF6}.Release|Any CPU.Build.0 = Release|Any CPU
	EndGlobalSection
	GlobalSection(SolutionProperties) = preSolution
		HideSolutionNode = FALSE
	EndGlobalSection
	GlobalSection(MonoDevelopProperties) = preSolution
		StartupItem = Assembly-CSharp.csproj
	EndGlobalSection
EndGlobal
